
Microsoft Visual Studio Solution File, Format Version 12.00
# Visual Studio Version 16
VisualStudioVersion = 16.0.29025.244
MinimumVisualStudioVersion = 10.0.40219.1
Project("{9A19103F-16F7-4668-BE54-9A1E7A4F7556}") = "PrototypeMachine", "PrototypeMachine\PrototypeMachine.csproj", "{F9AD5C32-8A92-4F35-8F07-120456DEF9DA}"
EndProject
Project("{9A19103F-16F7-4668-BE54-9A1E7A4F7556}") = "PrototypeMachineTest", "PrototypeMachineTest\PrototypeMachineTest.csproj", "{5AF6BB69-BCDA-4A79-9B97-F65F985F0297}"
EndProject
Global
	GlobalSection(SolutionConfigurationPlatforms) = preSolution
		Debug|Any CPU = Debug|Any CPU
		Release|Any CPU = Release|Any CPU
	EndGlobalSection
	GlobalSection(ProjectConfigurationPlatforms) = postSolution
		{F9AD5C32-8A92-4F35-8F07-120456DEF9DA}.Debug|Any CPU.ActiveCfg = Debug|Any CPU
		{F9AD5C32-8A92-4F35-8F07-120456DEF9DA}.Debug|Any CPU.Build.0 = Debug|Any CPU
		{F9AD5C32-8A92-4F35-8F07-120456DEF9DA}.Release|Any CPU.ActiveCfg = Release|Any CPU
		{F9AD5C32-8A92-4F35-8F07-120456DEF9DA}.Release|Any CPU.Build.0 = Release|Any CPU
		{5AF6BB69-BCDA-4A79-9B97-F65F985F0297}.Debug|Any CPU.ActiveCfg = Debug|Any CPU
		{5AF6BB69-BCDA-4A79-9B97-F65F985F0297}.Debug|Any CPU.Build.0 = Debug|Any CPU
		{5AF6BB69-BCDA-4A79-9B97-F65F985F0297}.Release|Any CPU.ActiveCfg = Release|Any CPU
		{5AF6BB69-BCDA-4A79-9B97-F65F985F0297}.Release|Any CPU.Build.0 = Release|Any CPU
	EndGlobalSection
	GlobalSection(SolutionProperties) = preSolution
		HideSolutionNode = FALSE
	EndGlobalSection
	GlobalSection(ExtensibilityGlobals) = postSolution
		SolutionGuid = {3310FEA5-588E-4D54-BEAA-0D0857C64ADF}
	EndGlobalSection
EndGlobal
