
Microsoft Visual Studio Solution File, Format Version 12.00
# Visual Studio Version 16
VisualStudioVersion = 16.0.29025.244
MinimumVisualStudioVersion = 10.0.40219.1
Project("{9A19103F-16F7-4668-BE54-9A1E7A4F7556}") = "MediatorPattern", "MediatorPattern\MediatorPattern.csproj", "{782D4A33-ECA5-4FEF-8FA1-965E41D42F36}"
EndProject
Global
	GlobalSection(SolutionConfigurationPlatforms) = preSolution
		Debug|Any CPU = Debug|Any CPU
		Release|Any CPU = Release|Any CPU
	EndGlobalSection
	GlobalSection(ProjectConfigurationPlatforms) = postSolution
		{782D4A33-ECA5-4FEF-8FA1-965E41D42F36}.Debug|Any CPU.ActiveCfg = Debug|Any CPU
		{782D4A33-ECA5-4FEF-8FA1-965E41D42F36}.Debug|Any CPU.Build.0 = Debug|Any CPU
		{782D4A33-ECA5-4FEF-8FA1-965E41D42F36}.Release|Any CPU.ActiveCfg = Release|Any CPU
		{782D4A33-ECA5-4FEF-8FA1-965E41D42F36}.Release|Any CPU.Build.0 = Release|Any CPU
	EndGlobalSection
	GlobalSection(SolutionProperties) = preSolution
		HideSolutionNode = FALSE
	EndGlobalSection
	GlobalSection(ExtensibilityGlobals) = postSolution
		SolutionGuid = {2534E05D-7B53-4AD9-92BD-FF9700E795F1}
	EndGlobalSection
EndGlobal
